{
  "name": "qrai-scanner",
  "lockfileVersion": 3,
  "requires": true,
  "packages": {
    "": {
      "dependencies": {
        "@supernovae-ai/qrai-scanner": "file:crates/qraisc-node"
      }
    },
    "crates/qraisc-node": {
      "name": "@supernovae-ai/qrai-scanner",
      "version": "0.1.0",
      "license": "MIT",
      "devDependencies": {
        "@napi-rs/cli": "^2.18.0"
      },
      "engines": {
        "node": ">= 16"
      }
    },
    "crates/qraisc-node/node_modules/@napi-rs/cli": {
      "version": "2.18.4",
      "dev": true,
      "license": "MIT",
      "bin": {
        "napi": "scripts/index.js"
      },
      "engines": {
        "node": ">= 10"
      },
      "funding": {
        "type": "github",
        "url": "https://github.com/sponsors/Brooooooklyn"
      }
    },
    "node_modules/@supernovae-ai/qrai-scanner": {
      "resolved": "crates/qraisc-node",
      "link": true
    }
  }
}
